
Microsoft Visual Studio Solution File, Format Version 12.00
# Visual Studio 2013
VisualStudioVersion = 12.0.31101.0
MinimumVisualStudioVersion = 10.0.40219.1
Project("{2150E333-8FDC-42A3-9474-1A3956D46DE8}") = "Presentation", "Presentation", "{FD42092E-BC34-41DF-864C-8C99BEE8CD23}"
EndProject
Project("{2150E333-8FDC-42A3-9474-1A3956D46DE8}") = "Data", "Data", "{EAC05059-52A1-4A05-8106-D4A88B46CB32}"
EndProject
Project("{FAE04EC0-301F-11D3-BF4B-00C04F79EFBC}") = "Services", "Services\Services.csproj", "{B98E3AA4-90AE-42A5-9D25-FB29237ED1AB}"
EndProject
Project("{2150E333-8FDC-42A3-9474-1A3956D46DE8}") = "Solution Items", "Solution Items", "{8B5D085E-5B4D-4F43-8D6F-8445C69223BE}"
EndProject
Project("{F088123C-0E9E-452A-89E6-6BA2F21D5CAC}") = "Models", "Models\Models.modelproj", "{5CE853C4-82E3-4CD5-A48F-D5EE7EA39C73}"
EndProject
Project("{FAE04EC0-301F-11D3-BF4B-00C04F79EFBC}") = "GameForm", "GameForm\GameForm.csproj", "{D153CB21-5FD6-4C61-9012-8BBABFAD1F3F}"
EndProject
Project("{FAE04EC0-301F-11D3-BF4B-00C04F79EFBC}") = "Data", "Data\Data.csproj", "{718E9BB1-B674-4A52-AFBF-281FD8254606}"
EndProject
Global
	GlobalSection(SolutionConfigurationPlatforms) = preSolution
		Debug|Any CPU = Debug|Any CPU
		Debug|Mixed Platforms = Debug|Mixed Platforms
		Debug|x86 = Debug|x86
		Release|Any CPU = Release|Any CPU
		Release|Mixed Platforms = Release|Mixed Platforms
		Release|x86 = Release|x86
	EndGlobalSection
	GlobalSection(ProjectConfigurationPlatforms) = postSolution
		{B98E3AA4-90AE-42A5-9D25-FB29237ED1AB}.Debug|Any CPU.ActiveCfg = Debug|Any CPU
		{B98E3AA4-90AE-42A5-9D25-FB29237ED1AB}.Debug|Any CPU.Build.0 = Debug|Any CPU
		{B98E3AA4-90AE-42A5-9D25-FB29237ED1AB}.Debug|Mixed Platforms.ActiveCfg = Debug|Any CPU
		{B98E3AA4-90AE-42A5-9D25-FB29237ED1AB}.Debug|Mixed Platforms.Build.0 = Debug|Any CPU
		{B98E3AA4-90AE-42A5-9D25-FB29237ED1AB}.Debug|x86.ActiveCfg = Debug|Any CPU
		{B98E3AA4-90AE-42A5-9D25-FB29237ED1AB}.Release|Any CPU.ActiveCfg = Release|Any CPU
		{B98E3AA4-90AE-42A5-9D25-FB29237ED1AB}.Release|Any CPU.Build.0 = Release|Any CPU
		{B98E3AA4-90AE-42A5-9D25-FB29237ED1AB}.Release|Mixed Platforms.ActiveCfg = Release|Any CPU
		{B98E3AA4-90AE-42A5-9D25-FB29237ED1AB}.Release|Mixed Platforms.Build.0 = Release|Any CPU
		{B98E3AA4-90AE-42A5-9D25-FB29237ED1AB}.Release|x86.ActiveCfg = Release|Any CPU
		{5CE853C4-82E3-4CD5-A48F-D5EE7EA39C73}.Debug|Any CPU.ActiveCfg = Debug|Any CPU
		{5CE853C4-82E3-4CD5-A48F-D5EE7EA39C73}.Debug|Any CPU.Build.0 = Debug|Any CPU
		{5CE853C4-82E3-4CD5-A48F-D5EE7EA39C73}.Debug|Mixed Platforms.ActiveCfg = Debug|Any CPU
		{5CE853C4-82E3-4CD5-A48F-D5EE7EA39C73}.Debug|Mixed Platforms.Build.0 = Debug|Any CPU
		{5CE853C4-82E3-4CD5-A48F-D5EE7EA39C73}.Debug|x86.ActiveCfg = Debug|Any CPU
		{5CE853C4-82E3-4CD5-A48F-D5EE7EA39C73}.Release|Any CPU.ActiveCfg = Release|Any CPU
		{5CE853C4-82E3-4CD5-A48F-D5EE7EA39C73}.Release|Any CPU.Build.0 = Release|Any CPU
		{5CE853C4-82E3-4CD5-A48F-D5EE7EA39C73}.Release|Mixed Platforms.ActiveCfg = Release|Any CPU
		{5CE853C4-82E3-4CD5-A48F-D5EE7EA39C73}.Release|Mixed Platforms.Build.0 = Release|Any CPU
		{5CE853C4-82E3-4CD5-A48F-D5EE7EA39C73}.Release|x86.ActiveCfg = Release|Any CPU
		{D153CB21-5FD6-4C61-9012-8BBABFAD1F3F}.Debug|Any CPU.ActiveCfg = Debug|Any CPU
		{D153CB21-5FD6-4C61-9012-8BBABFAD1F3F}.Debug|Any CPU.Build.0 = Debug|Any CPU
		{D153CB21-5FD6-4C61-9012-8BBABFAD1F3F}.Debug|Mixed Platforms.ActiveCfg = Debug|Any CPU
		{D153CB21-5FD6-4C61-9012-8BBABFAD1F3F}.Debug|Mixed Platforms.Build.0 = Debug|Any CPU
		{D153CB21-5FD6-4C61-9012-8BBABFAD1F3F}.Debug|x86.ActiveCfg = Debug|Any CPU
		{D153CB21-5FD6-4C61-9012-8BBABFAD1F3F}.Release|Any CPU.ActiveCfg = Release|Any CPU
		{D153CB21-5FD6-4C61-9012-8BBABFAD1F3F}.Release|Any CPU.Build.0 = Release|Any CPU
		{D153CB21-5FD6-4C61-9012-8BBABFAD1F3F}.Release|Mixed Platforms.ActiveCfg = Release|Any CPU
		{D153CB21-5FD6-4C61-9012-8BBABFAD1F3F}.Release|Mixed Platforms.Build.0 = Release|Any CPU
		{D153CB21-5FD6-4C61-9012-8BBABFAD1F3F}.Release|x86.ActiveCfg = Release|Any CPU
		{718E9BB1-B674-4A52-AFBF-281FD8254606}.Debug|Any CPU.ActiveCfg = Debug|Any CPU
		{718E9BB1-B674-4A52-AFBF-281FD8254606}.Debug|Any CPU.Build.0 = Debug|Any CPU
		{718E9BB1-B674-4A52-AFBF-281FD8254606}.Debug|Mixed Platforms.ActiveCfg = Debug|Any CPU
		{718E9BB1-B674-4A52-AFBF-281FD8254606}.Debug|Mixed Platforms.Build.0 = Debug|Any CPU
		{718E9BB1-B674-4A52-AFBF-281FD8254606}.Debug|x86.ActiveCfg = Debug|Any CPU
		{718E9BB1-B674-4A52-AFBF-281FD8254606}.Release|Any CPU.ActiveCfg = Release|Any CPU
		{718E9BB1-B674-4A52-AFBF-281FD8254606}.Release|Any CPU.Build.0 = Release|Any CPU
		{718E9BB1-B674-4A52-AFBF-281FD8254606}.Release|Mixed Platforms.ActiveCfg = Release|Any CPU
		{718E9BB1-B674-4A52-AFBF-281FD8254606}.Release|Mixed Platforms.Build.0 = Release|Any CPU
		{718E9BB1-B674-4A52-AFBF-281FD8254606}.Release|x86.ActiveCfg = Release|Any CPU
	EndGlobalSection
	GlobalSection(SolutionProperties) = preSolution
		HideSolutionNode = FALSE
	EndGlobalSection
	GlobalSection(NestedProjects) = preSolution
		{B98E3AA4-90AE-42A5-9D25-FB29237ED1AB} = {EAC05059-52A1-4A05-8106-D4A88B46CB32}
		{D153CB21-5FD6-4C61-9012-8BBABFAD1F3F} = {FD42092E-BC34-41DF-864C-8C99BEE8CD23}
		{718E9BB1-B674-4A52-AFBF-281FD8254606} = {EAC05059-52A1-4A05-8106-D4A88B46CB32}
	EndGlobalSection
EndGlobal
